
Microsoft Visual Studio Solution File, Format Version 12.00
# Visual Studio Version 18
VisualStudioVersion = 18.0.11222.15 d18.0
MinimumVisualStudioVersion = 10.0.40219.1
Project("{2150E333-8FDC-42A3-9474-1A3956D46DE8}") = "src", "src", "{02EA681E-C7D8-13C7-8484-4AC65E1B71E8}"
EndProject
Project("{FAE04EC0-301F-11D3-BF4B-00C04F79EFBC}") = "HexagonalDemo.Application", "HexagonalDemo.Application\HexagonalDemo.Application.csproj", "{11128896-D7F9-4040-AD36-737B05D7301E}"
EndProject
Project("{FAE04EC0-301F-11D3-BF4B-00C04F79EFBC}") = "HexagonalDemo.Api", "HexagonalDemo.Api\HexagonalDemo.Api.csproj", "{0190AEFF-6238-4FE5-B219-EF6E12827F4C}"
EndProject
Project("{FAE04EC0-301F-11D3-BF4B-00C04F79EFBC}") = "HexagonalDemo.Domain", "HexagonalDemo.Domain\HexagonalDemo.Domain.csproj", "{7450A9D6-5EEF-4530-A6D8-A77F8DF6B48A}"
EndProject
Global
	GlobalSection(SolutionConfigurationPlatforms) = preSolution
		Debug|Any CPU = Debug|Any CPU
		Release|Any CPU = Release|Any CPU
	EndGlobalSection
	GlobalSection(ProjectConfigurationPlatforms) = postSolution
		{11128896-D7F9-4040-AD36-737B05D7301E}.Debug|Any CPU.ActiveCfg = Debug|Any CPU
		{11128896-D7F9-4040-AD36-737B05D7301E}.Debug|Any CPU.Build.0 = Debug|Any CPU
		{11128896-D7F9-4040-AD36-737B05D7301E}.Release|Any CPU.ActiveCfg = Release|Any CPU
		{11128896-D7F9-4040-AD36-737B05D7301E}.Release|Any CPU.Build.0 = Release|Any CPU
		{0190AEFF-6238-4FE5-B219-EF6E12827F4C}.Debug|Any CPU.ActiveCfg = Debug|Any CPU
		{0190AEFF-6238-4FE5-B219-EF6E12827F4C}.Debug|Any CPU.Build.0 = Debug|Any CPU
		{0190AEFF-6238-4FE5-B219-EF6E12827F4C}.Release|Any CPU.ActiveCfg = Release|Any CPU
		{0190AEFF-6238-4FE5-B219-EF6E12827F4C}.Release|Any CPU.Build.0 = Release|Any CPU
		{7450A9D6-5EEF-4530-A6D8-A77F8DF6B48A}.Debug|Any CPU.ActiveCfg = Debug|Any CPU
		{7450A9D6-5EEF-4530-A6D8-A77F8DF6B48A}.Debug|Any CPU.Build.0 = Debug|Any CPU
		{7450A9D6-5EEF-4530-A6D8-A77F8DF6B48A}.Release|Any CPU.ActiveCfg = Release|Any CPU
		{7450A9D6-5EEF-4530-A6D8-A77F8DF6B48A}.Release|Any CPU.Build.0 = Release|Any CPU
	EndGlobalSection
	GlobalSection(SolutionProperties) = preSolution
		HideSolutionNode = FALSE
	EndGlobalSection
	GlobalSection(NestedProjects) = preSolution
		{11128896-D7F9-4040-AD36-737B05D7301E} = {02EA681E-C7D8-13C7-8484-4AC65E1B71E8}
		{0190AEFF-6238-4FE5-B219-EF6E12827F4C} = {02EA681E-C7D8-13C7-8484-4AC65E1B71E8}
		{7450A9D6-5EEF-4530-A6D8-A77F8DF6B48A} = {02EA681E-C7D8-13C7-8484-4AC65E1B71E8}
	EndGlobalSection
	GlobalSection(ExtensibilityGlobals) = postSolution
		SolutionGuid = {A59536E9-A011-49DF-BFEE-1D274D461D36}
	EndGlobalSection
EndGlobal
